
Microsoft Visual Studio Solution File, Format Version 12.00
# Visual Studio Version 16
VisualStudioVersion = 16.0.29209.62
MinimumVisualStudioVersion = 10.0.40219.1
Project("{FAE04EC0-301F-11D3-BF4B-00C04F79EFBC}") = "WebApp", "WebApp\WebApp.csproj", "{4E1B8AD7-FFEF-4E2A-8DBA-293A77578317}"
EndProject
Project("{FAE04EC0-301F-11D3-BF4B-00C04F79EFBC}") = "ChinookSystem.Data", "ChinookSystem.Data\ChinookSystem.Data.csproj", "{772296F1-D080-4BAC-AE7B-4E836D961C02}"
EndProject
Project("{FAE04EC0-301F-11D3-BF4B-00C04F79EFBC}") = "ChinookSystem", "ChinookSystem\ChinookSystem.csproj", "{24B0B1EF-51E5-4B82-B698-0DBEA8618CC5}"
EndProject
Global
	GlobalSection(SolutionConfigurationPlatforms) = preSolution
		Debug|Any CPU = Debug|Any CPU
		Release|Any CPU = Release|Any CPU
	EndGlobalSection
	GlobalSection(ProjectConfigurationPlatforms) = postSolution
		{4E1B8AD7-FFEF-4E2A-8DBA-293A77578317}.Debug|Any CPU.ActiveCfg = Debug|Any CPU
		{4E1B8AD7-FFEF-4E2A-8DBA-293A77578317}.Debug|Any CPU.Build.0 = Debug|Any CPU
		{4E1B8AD7-FFEF-4E2A-8DBA-293A77578317}.Release|Any CPU.ActiveCfg = Release|Any CPU
		{4E1B8AD7-FFEF-4E2A-8DBA-293A77578317}.Release|Any CPU.Build.0 = Release|Any CPU
		{772296F1-D080-4BAC-AE7B-4E836D961C02}.Debug|Any CPU.ActiveCfg = Debug|Any CPU
		{772296F1-D080-4BAC-AE7B-4E836D961C02}.Debug|Any CPU.Build.0 = Debug|Any CPU
		{772296F1-D080-4BAC-AE7B-4E836D961C02}.Release|Any CPU.ActiveCfg = Release|Any CPU
		{772296F1-D080-4BAC-AE7B-4E836D961C02}.Release|Any CPU.Build.0 = Release|Any CPU
		{24B0B1EF-51E5-4B82-B698-0DBEA8618CC5}.Debug|Any CPU.ActiveCfg = Debug|Any CPU
		{24B0B1EF-51E5-4B82-B698-0DBEA8618CC5}.Debug|Any CPU.Build.0 = Debug|Any CPU
		{24B0B1EF-51E5-4B82-B698-0DBEA8618CC5}.Release|Any CPU.ActiveCfg = Release|Any CPU
		{24B0B1EF-51E5-4B82-B698-0DBEA8618CC5}.Release|Any CPU.Build.0 = Release|Any CPU
	EndGlobalSection
	GlobalSection(SolutionProperties) = preSolution
		HideSolutionNode = FALSE
	EndGlobalSection
	GlobalSection(ExtensibilityGlobals) = postSolution
		SolutionGuid = {427A72F6-1DA0-44B4-A90E-A50BA75AD0E1}
	EndGlobalSection
EndGlobal
